// !$*UTF8*$!
{
	archiveVersion = 1;
	classes = {
	};
	objectVersion = 46;
	objects = {

/* Begin PBXBuildFile section */
		B861FE6D1DFAA66100F58627 /* main.m in Sources */ = {isa = PBXBuildFile; fileRef = B861FE6C1DFAA66100F58627 /* main.m */; };
		B861FE701DFAA66100F58627 /* AppDelegate.m in Sources */ = {isa = PBXBuildFile; fileRef = B861FE6F1DFAA66100F58627 /* AppDelegate.m */; };
		B861FE731DFAA66100F58627 /* ViewController.m in Sources */ = {isa = PBXBuildFile; fileRef = B861FE721DFAA66100F58627 /* ViewController.m */; };
		B861FE761DFAA66100F58627 /* Main.storyboard in Resources */ = {isa = PBXBuildFile; fileRef = B861FE741DFAA66100F58627 /* Main.storyboard */; };
		B861FE781DFAA66100F58627 /* Assets.xcassets in Resources */ = {isa = PBXBuildFile; fileRef = B861FE771DFAA66100F58627 /* Assets.xcassets */; };
		B861FE7B1DFAA66100F58627 /* LaunchScreen.storyboard in Resources */ = {isa = PBXBuildFile; fileRef = B861FE791DFAA66100F58627 /* LaunchScreen.storyboard */; };
		B861FE851DFAA68F00F58627 /* UIWebView+JKLoadInfo.m in Sources */ = {isa = PBXBuildFile; fileRef = B861FE841DFAA68F00F58627 /* UIWebView+JKLoadInfo.m */; };
		B861FE881DFAA69700F58627 /* NSString+JKUUID.m in Sources */ = {isa = PBXBuildFile; fileRef = B861FE871DFAA69700F58627 /* NSString+JKUUID.m */; };
/* End PBXBuildFile section */

/* Begin PBXFileReference section */
		B861FE681DFAA66100F58627 /* UIWebView-JKLoadInfo.app */ = {isa = PBXFileReference; explicitFileType = wrapper.application; includeInIndex = 0; path = "UIWebView-JKLoadInfo.app"; sourceTree = BUILT_PRODUCTS_DIR; };
		B861FE6C1DFAA66100F58627 /* main.m */ = {isa = PBXFileReference; lastKnownFileType = sourcecode.c.objc; path = main.m; sourceTree = "<group>"; };
		B861FE6E1DFAA66100F58627 /* AppDelegate.h */ = {isa = PBXFileReference; lastKnownFileType = sourcecode.c.h; path = AppDelegate.h; sourceTree = "<group>"; };
		B861FE6F1DFAA66100F58627 /* AppDelegate.m */ = {isa = PBXFileReference; lastKnownFileType = sourcecode.c.objc; path = AppDelegate.m; sourceTree = "<group>"; };
		B861FE711DFAA66100F58627 /* ViewController.h */ = {isa = PBXFileReference; lastKnownFileType = sourcecode.c.h; path = ViewController.h; sourceTree = "<group>"; };
		B861FE721DFAA66100F58627 /* ViewController.m */ = {isa = PBXFileReference; lastKnownFileType = sourcecode.c.objc; path = ViewController.m; sourceTree = "<group>"; };
		B861FE751DFAA66100F58627 /* Base */ = {isa = PBXFileReference; lastKnownFileType = file.storyboard; name = Base; path = Base.lproj/Main.storyboard; sourceTree = "<group>"; };
		B861FE771DFAA66100F58627 /* Assets.xcassets */ = {isa = PBXFileReference; lastKnownFileType = folder.assetcatalog; path = Assets.xcassets; sourceTree = "<group>"; };
		B861FE7A1DFAA66100F58627 /* Base */ = {isa = PBXFileReference; lastKnownFileType = file.storyboard; name = Base; path = Base.lproj/LaunchScreen.storyboard; sourceTree = "<group>"; };
		B861FE7C1DFAA66100F58627 /* Info.plist */ = {isa = PBXFileReference; lastKnownFileType = text.plist.xml; path = Info.plist; sourceTree = "<group>"; };
		B861FE831DFAA68F00F58627 /* UIWebView+JKLoadInfo.h */ = {isa = PBXFileReference; fileEncoding = 4; lastKnownFileType = sourcecode.c.h; path = "UIWebView+JKLoadInfo.h"; sourceTree = "<group>"; };
		B861FE841DFAA68F00F58627 /* UIWebView+JKLoadInfo.m */ = {isa = PBXFileReference; fileEncoding = 4; lastKnownFileType = sourcecode.c.objc; path = "UIWebView+JKLoadInfo.m"; sourceTree = "<group>"; };
		B861FE861DFAA69700F58627 /* NSString+JKUUID.h */ = {isa = PBXFileReference; fileEncoding = 4; lastKnownFileType = sourcecode.c.h; path = "NSString+JKUUID.h"; sourceTree = "<group>"; };
		B861FE871DFAA69700F58627 /* NSString+JKUUID.m */ = {isa = PBXFileReference; fileEncoding = 4; lastKnownFileType = sourcecode.c.objc; path = "NSString+JKUUID.m"; sourceTree = "<group>"; };
/* End PBXFileReference section */

/* Begin PBXFrameworksBuildPhase section */
		B861FE651DFAA66100F58627 /* Frameworks */ = {
			isa = PBXFrameworksBuildPhase;
			buildActionMask = 2147483647;
			files = (
			);
			runOnlyForDeploymentPostprocessing = 0;
		};
/* End PBXFrameworksBuildPhase section */

/* Begin PBXGroup section */
		B861FE5F1DFAA66100F58627 = {
			isa = PBXGroup;
			children = (
				B861FE6A1DFAA66100F58627 /* UIWebView-JKLoadInfo */,
				B861FE691DFAA66100F58627 /* Products */,
			);
			sourceTree = "<group>";
		};
		B861FE691DFAA66100F58627 /* Products */ = {
			isa = PBXGroup;
			children = (
				B861FE681DFAA66100F58627 /* UIWebView-JKLoadInfo.app */,
			);
			name = Products;
			sourceTree = "<group>";
		};
		B861FE6A1DFAA66100F58627 /* UIWebView-JKLoadInfo */ = {
			isa = PBXGroup;
			children = (
				B861FE821DFAA68F00F58627 /* UIWebView-JKLoadInfo */,
				B861FE6E1DFAA66100F58627 /* AppDelegate.h */,
				B861FE6F1DFAA66100F58627 /* AppDelegate.m */,
				B861FE711DFAA66100F58627 /* ViewController.h */,
				B861FE721DFAA66100F58627 /* ViewController.m */,
				B861FE861DFAA69700F58627 /* NSString+JKUUID.h */,
				B861FE871DFAA69700F58627 /* NSString+JKUUID.m */,
				B861FE741DFAA66100F58627 /* Main.storyboard */,
				B861FE771DFAA66100F58627 /* Assets.xcassets */,
				B861FE791DFAA66100F58627 /* LaunchScreen.storyboard */,
				B861FE7C1DFAA66100F58627 /* Info.plist */,
				B861FE6B1DFAA66100F58627 /* Supporting Files */,
			);
			path = "UIWebView-JKLoadInfo";
			sourceTree = "<group>";
		};
		B861FE6B1DFAA66100F58627 /* Supporting Files */ = {
			isa = PBXGroup;
			children = (
				B861FE6C1DFAA66100F58627 /* main.m */,
			);
			name = "Supporting Files";
			sourceTree = "<group>";
		};
		B861FE821DFAA68F00F58627 /* UIWebView-JKLoadInfo */ = {
			isa = PBXGroup;
			children = (
				B861FE831DFAA68F00F58627 /* UIWebView+JKLoadInfo.h */,
				B861FE841DFAA68F00F58627 /* UIWebView+JKLoadInfo.m */,
			);
			path = "UIWebView-JKLoadInfo";
			sourceTree = "<group>";
		};
/* End PBXGroup section */

/* Begin PBXNativeTarget section */
		B861FE671DFAA66100F58627 /* UIWebView-JKLoadInfo */ = {
			isa = PBXNativeTarget;
			buildConfigurationList = B861FE7F1DFAA66100F58627 /* Build configuration list for PBXNativeTarget "UIWebView-JKLoadInfo" */;
			buildPhases = (
				B861FE641DFAA66100F58627 /* Sources */,
				B861FE651DFAA66100F58627 /* Frameworks */,
				B861FE661DFAA66100F58627 /* Resources */,
			);
			buildRules = (
			);
			dependencies = (
			);
			name = "UIWebView-JKLoadInfo";
			productName = "UIWebView-JKLoadInfo";
			productReference = B861FE681DFAA66100F58627 /* UIWebView-JKLoadInfo.app */;
			productType = "com.apple.product-type.application";
		};
/* End PBXNativeTarget section */

/* Begin PBXProject section */
		B861FE601DFAA66100F58627 /* Project object */ = {
			isa = PBXProject;
			attributes = {
				LastUpgradeCheck = 0800;
				ORGANIZATIONNAME = Jakey;
				TargetAttributes = {
					B861FE671DFAA66100F58627 = {
						CreatedOnToolsVersion = 8.0;
						ProvisioningStyle = Automatic;
					};
				};
			};
			buildConfigurationList = B861FE631DFAA66100F58627 /* Build configuration list for PBXProject "UIWebView-JKLoadInfo" */;
			compatibilityVersion = "Xcode 3.2";
			developmentRegion = English;
			hasScannedForEncodings = 0;
			knownRegions = (
				en,
				Base,
			);
			mainGroup = B861FE5F1DFAA66100F58627;
			productRefGroup = B861FE691DFAA66100F58627 /* Products */;
			projectDirPath = "";
			projectRoot = "";
			targets = (
				B861FE671DFAA66100F58627 /* UIWebView-JKLoadInfo */,
			);
		};
/* End PBXProject section */

/* Begin PBXResourcesBuildPhase section */
		B861FE661DFAA66100F58627 /* Resources */ = {
			isa = PBXResourcesBuildPhase;
			buildActionMask = 2147483647;
			files = (
				B861FE7B1DFAA66100F58627 /* LaunchScreen.storyboard in Resources */,
				B861FE781DFAA66100F58627 /* Assets.xcassets in Resources */,
				B861FE761DFAA66100F58627 /* Main.storyboard in Resources */,
			);
			runOnlyForDeploymentPostprocessing = 0;
		};
/* End PBXResourcesBuildPhase section */

/* Begin PBXSourcesBuildPhase section */
		B861FE641DFAA66100F58627 /* Sources */ = {
			isa = PBXSourcesBuildPhase;
			buildActionMask = 2147483647;
			files = (
				B861FE881DFAA69700F58627 /* NSString+JKUUID.m in Sources */,
				B861FE851DFAA68F00F58627 /* UIWebView+JKLoadInfo.m in Sources */,
				B861FE731DFAA66100F58627 /* ViewController.m in Sources */,
				B861FE701DFAA66100F58627 /* AppDelegate.m in Sources */,
				B861FE6D1DFAA66100F58627 /* main.m in Sources */,
			);
			runOnlyForDeploymentPostprocessing = 0;
		};
/* End PBXSourcesBuildPhase section */

/* Begin PBXVariantGroup section */
		B861FE741DFAA66100F58627 /* Main.storyboard */ = {
			isa = PBXVariantGroup;
			children = (
				B861FE751DFAA66100F58627 /* Base */,
			);
			name = Main.storyboard;
			sourceTree = "<group>";
		};
		B861FE791DFAA66100F58627 /* LaunchScreen.storyboard */ = {
			isa = PBXVariantGroup;
			children = (
				B861FE7A1DFAA66100F58627 /* Base */,
			);
			name = LaunchScreen.storyboard;
			sourceTree = "<group>";
		};
/* End PBXVariantGroup section */

/* Begin XCBuildConfiguration section */
		B861FE7D1DFAA66100F58627 /* Debug */ = {
			isa = XCBuildConfiguration;
			buildSettings = {
				ALWAYS_SEARCH_USER_PATHS = NO;
				CLANG_ANALYZER_NONNULL = YES;
				CLANG_CXX_LANGUAGE_STANDARD = "gnu++0x";
				CLANG_CXX_LIBRARY = "libc++";
				CLANG_ENABLE_MODULES = YES;
				CLANG_ENABLE_OBJC_ARC = YES;
				CLANG_WARN_BOOL_CONVERSION = YES;
				CLANG_WARN_CONSTANT_CONVERSION = YES;
				CLANG_WARN_DIRECT_OBJC_ISA_USAGE = YES_ERROR;
				CLANG_WARN_DOCUMENTATION_COMMENTS = YES;
				CLANG_WARN_EMPTY_BODY = YES;
				CLANG_WARN_ENUM_CONVERSION = YES;
				CLANG_WARN_INFINITE_RECURSION = YES;
				CLANG_WARN_INT_CONVERSION = YES;
				CLANG_WARN_OBJC_ROOT_CLASS = YES_ERROR;
				CLANG_WARN_SUSPICIOUS_MOVES = YES;
				CLANG_WARN_UNREACHABLE_CODE = YES;
				CLANG_WARN__DUPLICATE_METHOD_MATCH = YES;
				"CODE_SIGN_IDENTITY[sdk=iphoneos*]" = "iPhone Developer";
				COPY_PHASE_STRIP = NO;
				DEBUG_INFORMATION_FORMAT = dwarf;
				ENABLE_STRICT_OBJC_MSGSEND = YES;
				ENABLE_TESTABILITY = YES;
				GCC_C_LANGUAGE_STANDARD = gnu99;
				GCC_DYNAMIC_NO_PIC = NO;
				GCC_NO_COMMON_BLOCKS = YES;
				GCC_OPTIMIZATION_LEVEL = 0;
				GCC_PREPROCESSOR_DEFINITIONS = (
					"DEBUG=1",
					"$(inherited)",
				);
				GCC_WARN_64_TO_32_BIT_CONVERSION = YES;
				GCC_WARN_ABOUT_RETURN_TYPE = YES_ERROR;
				GCC_WARN_UNDECLARED_SELECTOR = YES;
				GCC_WARN_UNINITIALIZED_AUTOS = YES_AGGRESSIVE;
				GCC_WARN_UNUSED_FUNCTION = YES;
				GCC_WARN_UNUSED_VARIABLE = YES;
				IPHONEOS_DEPLOYMENT_TARGET = 10.0;
				MTL_ENABLE_DEBUG_INFO = YES;
				ONLY_ACTIVE_ARCH = YES;
				SDKROOT = iphoneos;
			};
			name = Debug;
		};
		B861FE7E1DFAA66100F58627 /* Release */ = {
			isa = XCBuildConfiguration;
			buildSettings = {
				ALWAYS_SEARCH_USER_PATHS = NO;
				CLANG_ANALYZER_NONNULL = YES;
				CLANG_CXX_LANGUAGE_STANDARD = "gnu++0x";
				CLANG_CXX_LIBRARY = "libc++";
				CLANG_ENABLE_MODULES = YES;
				CLANG_ENABLE_OBJC_ARC = YES;
				CLANG_WARN_BOOL_CONVERSION = YES;
				CLANG_WARN_CONSTANT_CONVERSION = YES;
				CLANG_WARN_DIRECT_OBJC_ISA_USAGE = YES_ERROR;
				CLANG_WARN_DOCUMENTATION_COMMENTS = YES;
				CLANG_WARN_EMPTY_BODY = YES;
				CLANG_WARN_ENUM_CONVERSION = YES;
				CLANG_WARN_INFINITE_RECURSION = YES;
				CLANG_WARN_INT_CONVERSION = YES;
				CLANG_WARN_OBJC_ROOT_CLASS = YES_ERROR;
				CLANG_WARN_SUSPICIOUS_MOVES = YES;
				CLANG_WARN_UNREACHABLE_CODE = YES;
				CLANG_WARN__DUPLICATE_METHOD_MATCH = YES;
				"CODE_SIGN_IDENTITY[sdk=iphoneos*]" = "iPhone Developer";
				COPY_PHASE_STRIP = NO;
				DEBUG_INFORMATION_FORMAT = "dwarf-with-dsym";
				ENABLE_NS_ASSERTIONS = NO;
				ENABLE_STRICT_OBJC_MSGSEND = YES;
				GCC_C_LANGUAGE_STANDARD = gnu99;
				GCC_NO_COMMON_BLOCKS = YES;
				GCC_WARN_64_TO_32_BIT_CONVERSION = YES;
				GCC_WARN_ABOUT_RETURN_TYPE = YES_ERROR;
				GCC_WARN_UNDECLARED_SELECTOR = YES;
				GCC_WARN_UNINITIALIZED_AUTOS = YES_AGGRESSIVE;
				GCC_WARN_UNUSED_FUNCTION = YES;
				GCC_WARN_UNUSED_VARIABLE = YES;
				IPHONEOS_DEPLOYMENT_TARGET = 10.0;
				MTL_ENABLE_DEBUG_INFO = NO;
				SDKROOT = iphoneos;
				VALIDATE_PRODUCT = YES;
			};
			name = Release;
		};
		B861FE801DFAA66100F58627 /* Debug */ = {
			isa = XCBuildConfiguration;
			buildSettings = {
				ASSETCATALOG_COMPILER_APPICON_NAME = AppIcon;
				INFOPLIST_FILE = "UIWebView-JKLoadInfo/Info.plist";
				LD_RUNPATH_SEARCH_PATHS = "$(inherited) @executable_path/Frameworks";
				PRODUCT_BUNDLE_IDENTIFIER = "org.skyfox.UIWebView-JKLoadInfo";
				PRODUCT_NAME = "$(TARGET_NAME)";
			};
			name = Debug;
		};
		B861FE811DFAA66100F58627 /* Release */ = {
			isa = XCBuildConfiguration;
			buildSettings = {
				ASSETCATALOG_COMPILER_APPICON_NAME = AppIcon;
				INFOPLIST_FILE = "UIWebView-JKLoadInfo/Info.plist";
				LD_RUNPATH_SEARCH_PATHS = "$(inherited) @executable_path/Frameworks";
				PRODUCT_BUNDLE_IDENTIFIER = "org.skyfox.UIWebView-JKLoadInfo";
				PRODUCT_NAME = "$(TARGET_NAME)";
			};
			name = Release;
		};
/* End XCBuildConfiguration section */

/* Begin XCConfigurationList section */
		B861FE631DFAA66100F58627 /* Build configuration list for PBXProject "UIWebView-JKLoadInfo" */ = {
			isa = XCConfigurationList;
			buildConfigurations = (
				B861FE7D1DFAA66100F58627 /* Debug */,
				B861FE7E1DFAA66100F58627 /* Release */,
			);
			defaultConfigurationIsVisible = 0;
			defaultConfigurationName = Release;
		};
		B861FE7F1DFAA66100F58627 /* Build configuration list for PBXNativeTarget "UIWebView-JKLoadInfo" */ = {
			isa = XCConfigurationList;
			buildConfigurations = (
				B861FE801DFAA66100F58627 /* Debug */,
				B861FE811DFAA66100F58627 /* Release */,
			);
			defaultConfigurationIsVisible = 0;
		};
/* End XCConfigurationList section */
	};
	rootObject = B861FE601DFAA66100F58627 /* Project object */;
}
